
Microsoft Visual Studio Solution File, Format Version 12.00
# Visual Studio Version 16
VisualStudioVersion = 16.0.31205.134
MinimumVisualStudioVersion = 10.0.40219.1
Project("{FAE04EC0-301F-11D3-BF4B-00C04F79EFBC}") = "DaysOfWeek", "DaysOfWeek\DaysOfWeek.csproj", "{6B3C2D7B-42C7-4063-8F6B-1CD49D71E78C}"
EndProject
Global
	GlobalSection(SolutionConfigurationPlatforms) = preSolution
		Debug|Any CPU = Debug|Any CPU
		Release|Any CPU = Release|Any CPU
	EndGlobalSection
	GlobalSection(ProjectConfigurationPlatforms) = postSolution
		{6B3C2D7B-42C7-4063-8F6B-1CD49D71E78C}.Debug|Any CPU.ActiveCfg = Debug|Any CPU
		{6B3C2D7B-42C7-4063-8F6B-1CD49D71E78C}.Debug|Any CPU.Build.0 = Debug|Any CPU
		{6B3C2D7B-42C7-4063-8F6B-1CD49D71E78C}.Release|Any CPU.ActiveCfg = Release|Any CPU
		{6B3C2D7B-42C7-4063-8F6B-1CD49D71E78C}.Release|Any CPU.Build.0 = Release|Any CPU
	EndGlobalSection
	GlobalSection(SolutionProperties) = preSolution
		HideSolutionNode = FALSE
	EndGlobalSection
	GlobalSection(ExtensibilityGlobals) = postSolution
		SolutionGuid = {23B004E9-AD03-4ACC-9F83-7322B18CFF9B}
	EndGlobalSection
EndGlobal
